
Microsoft Visual Studio Solution File, Format Version 12.00
# Visual Studio Express 2012 for Web
Project("{FAE04EC0-301F-11D3-BF4B-00C04F79EFBC}") = "BusRoutesWeb", "BusRoutesWeb\BusRoutesWeb.csproj", "{5957B287-ED37-4D4C-A142-197EEFD4C006}"
EndProject
Project("{FAE04EC0-301F-11D3-BF4B-00C04F79EFBC}") = "BusRoutesService", "BusRoutesService\BusRoutesService.csproj", "{C70B4A60-CAAC-4DDE-9273-B78CEF160784}"
EndProject
Global
	GlobalSection(SolutionConfigurationPlatforms) = preSolution
		Debug|Any CPU = Debug|Any CPU
		Release|Any CPU = Release|Any CPU
	EndGlobalSection
	GlobalSection(ProjectConfigurationPlatforms) = postSolution
		{5957B287-ED37-4D4C-A142-197EEFD4C006}.Debug|Any CPU.ActiveCfg = Debug|Any CPU
		{5957B287-ED37-4D4C-A142-197EEFD4C006}.Debug|Any CPU.Build.0 = Debug|Any CPU
		{5957B287-ED37-4D4C-A142-197EEFD4C006}.Release|Any CPU.ActiveCfg = Release|Any CPU
		{5957B287-ED37-4D4C-A142-197EEFD4C006}.Release|Any CPU.Build.0 = Release|Any CPU
		{C70B4A60-CAAC-4DDE-9273-B78CEF160784}.Debug|Any CPU.ActiveCfg = Debug|Any CPU
		{C70B4A60-CAAC-4DDE-9273-B78CEF160784}.Debug|Any CPU.Build.0 = Debug|Any CPU
		{C70B4A60-CAAC-4DDE-9273-B78CEF160784}.Release|Any CPU.ActiveCfg = Release|Any CPU
		{C70B4A60-CAAC-4DDE-9273-B78CEF160784}.Release|Any CPU.Build.0 = Release|Any CPU
	EndGlobalSection
	GlobalSection(SolutionProperties) = preSolution
		HideSolutionNode = FALSE
	EndGlobalSection
EndGlobal
